{
    "requires": true,
    "lockfileVersion": 1,
    "dependencies": {
        "destyle.css": {
            "version": "3.0.0",
            "resolved": "https://registry.npmjs.org/destyle.css/-/destyle.css-3.0.0.tgz",
            "integrity": "sha512-NLkxtcN2M4F9kxzqgtam4/5dXLOqrGG2JrOhOBiO0tM3kzJlkeM5ZVEn6G9YSRWLet7vMCCdCVdM6a0YC7sHcg=="
        }
    }
}
